Microsoft Visual Studio Solution File, Format Version 12.00
# Visual Studio Version 16
VisualStudioVersion = 16.0.0.0
MinimumVisualStudioVersion = 16.0.0.0
Project("{9A19103F-16F7-4668-BE54-9A1E7A4F7556}") = "Blogifier", "src\Blogifier\Blogifier.csproj", "{30113938-1040-459A-A0B6-3663E9534C8B}"
EndProject
Project("{9A19103F-16F7-4668-BE54-9A1E7A4F7556}") = "Blogifier.Admin", "src\Blogifier.Admin\Blogifier.Admin.csproj", "{ABD5820B-6A81-42C3-89C7-B324329345C8}"
EndProject
Project("{9A19103F-16F7-4668-BE54-9A1E7A4F7556}") = "Blogifier.Shared", "src\Blogifier.Shared\Blogifier.Shared.csproj", "{A0173B1A-FDC9-4E48-94E1-21D6C0B19257}"
EndProject
Project("{9A19103F-16F7-4668-BE54-9A1E7A4F7556}") = "Blogifier.Core", "src\Blogifier.Core\Blogifier.Core.csproj", "{99296F5E-F267-4483-97BF-647080D21C35}"
EndProject
Project("{2150E333-8FDC-42A3-9474-1A3956D46DE8}") = "docs", "docs", "{512E41FF-25A7-49D6-B126-EC1450E17B72}"
	ProjectSection(SolutionItems) = preProject
		docs\01-Authentication.md = docs\01-Authentication.md
		docs\02-Database.md = docs\02-Database.md
		docs\03-Logging.md = docs\03-Logging.md
		docs\04-Localization.md = docs\04-Localization.md
		docs\05-Emails.md = docs\05-Emails.md
		docs\06-Newsletters.md = docs\06-Newsletters.md
	EndProjectSection
EndProject
Project("{2150E333-8FDC-42A3-9474-1A3956D46DE8}") = "tests", "tests", "{8DDBCDEC-BFD8-4737-93BD-5259C3AE9CAE}"
EndProject
Project("{9A19103F-16F7-4668-BE54-9A1E7A4F7556}") = "Blogifier.Tests", "tests\Blogifier.Tests\Blogifier.Tests.csproj", "{27EB38D0-E275-4033-93B6-3ED6E6B7B442}"
EndProject
Project("{2150E333-8FDC-42A3-9474-1A3956D46DE8}") = "data", "data", "{84FCDE15-5F12-484E-A8C2-DA9A1D3122BB}"
	ProjectSection(SolutionItems) = preProject
		tests\data\test3.xml = tests\data\test3.xml
	EndProjectSection
EndProject
Project("{2150E333-8FDC-42A3-9474-1A3956D46DE8}") = "items", "items", "{D2E9C8BA-AC43-4A35-88D9-8D63D26884B8}"
	ProjectSection(SolutionItems) = preProject
		Dockerfile = Dockerfile
	EndProjectSection
EndProject
Project("{2150E333-8FDC-42A3-9474-1A3956D46DE8}") = "src", "src", "{4BF5D0FC-B5A8-4DB0-A1D8-7AC856FAC439}"
EndProject
Project("{FAE04EC0-301F-11D3-BF4B-00C04F79EFBC}") = "Blogifier.Core.Providers", "src\Blogifier.Core.Providers\Blogifier.Core.Providers.csproj", "{0B622C84-6504-4E2B-9E09-86902CA46B99}"
EndProject
Project("{FAE04EC0-301F-11D3-BF4B-00C04F79EFBC}") = "Blogifier.Core.Providers.EfCore", "src\Blogifier.Core.Providers.EfCore\Blogifier.Core.Providers.EfCore.csproj", "{CD328117-128B-43E7-ABFC-F72C98F47525}"
EndProject
Project("{FAE04EC0-301F-11D3-BF4B-00C04F79EFBC}") = "Blogifier.Core.Providers.MongoDb", "src\Blogifier.Core.Providers.MongoDb\Blogifier.Core.Providers.MongoDb.csproj", "{B3B4CF5C-7D56-4925-97B8-8CA85CA954A3}"
EndProject
Project("{FAE04EC0-301F-11D3-BF4B-00C04F79EFBC}") = "Blogifier.Files", "src\Blogifier.Files\Blogifier.Files.csproj", "{4FF849C5-2615-4CE3-BBC8-25418A325E37}"
EndProject
Project("{FAE04EC0-301F-11D3-BF4B-00C04F79EFBC}") = "Blogifier.Files.Azure", "src\Blogifier.Files.Azure\Blogifier.Files.Azure.csproj", "{A30007F6-F445-4904-95F0-D781E02A4E39}"
EndProject
Project("{FAE04EC0-301F-11D3-BF4B-00C04F79EFBC}") = "Blogifier.Files.Google", "src\Blogifier.Files.Google\Blogifier.Files.Google.csproj", "{E86A11AD-E628-4725-BF1D-81D63C6F7C93}"
EndProject
Global
	GlobalSection(SolutionConfigurationPlatforms) = preSolution
		Debug|Any CPU = Debug|Any CPU
		Debug|x64 = Debug|x64
		Debug|x86 = Debug|x86
		Release|Any CPU = Release|Any CPU
		Release|x64 = Release|x64
		Release|x86 = Release|x86
	EndGlobalSection
	GlobalSection(ProjectConfigurationPlatforms) = postSolution
		{30113938-1040-459A-A0B6-3663E9534C8B}.Debug|Any CPU.ActiveCfg = Debug|Any CPU
		{30113938-1040-459A-A0B6-3663E9534C8B}.Debug|Any CPU.Build.0 = Debug|Any CPU
		{30113938-1040-459A-A0B6-3663E9534C8B}.Debug|x64.ActiveCfg = Debug|Any CPU
		{30113938-1040-459A-A0B6-3663E9534C8B}.Debug|x64.Build.0 = Debug|Any CPU
		{30113938-1040-459A-A0B6-3663E9534C8B}.Debug|x86.ActiveCfg = Debug|Any CPU
		{30113938-1040-459A-A0B6-3663E9534C8B}.Debug|x86.Build.0 = Debug|Any CPU
		{30113938-1040-459A-A0B6-3663E9534C8B}.Release|Any CPU.ActiveCfg = Release|Any CPU
		{30113938-1040-459A-A0B6-3663E9534C8B}.Release|Any CPU.Build.0 = Release|Any CPU
		{30113938-1040-459A-A0B6-3663E9534C8B}.Release|x64.ActiveCfg = Release|Any CPU
		{30113938-1040-459A-A0B6-3663E9534C8B}.Release|x64.Build.0 = Release|Any CPU
		{30113938-1040-459A-A0B6-3663E9534C8B}.Release|x86.ActiveCfg = Release|Any CPU
		{30113938-1040-459A-A0B6-3663E9534C8B}.Release|x86.Build.0 = Release|Any CPU
		{ABD5820B-6A81-42C3-89C7-B324329345C8}.Debug|Any CPU.ActiveCfg = Debug|Any CPU
		{ABD5820B-6A81-42C3-89C7-B324329345C8}.Debug|Any CPU.Build.0 = Debug|Any CPU
		{ABD5820B-6A81-42C3-89C7-B324329345C8}.Debug|x64.ActiveCfg = Debug|Any CPU
		{ABD5820B-6A81-42C3-89C7-B324329345C8}.Debug|x64.Build.0 = Debug|Any CPU
		{ABD5820B-6A81-42C3-89C7-B324329345C8}.Debug|x86.ActiveCfg = Debug|Any CPU
		{ABD5820B-6A81-42C3-89C7-B324329345C8}.Debug|x86.Build.0 = Debug|Any CPU
		{ABD5820B-6A81-42C3-89C7-B324329345C8}.Release|Any CPU.ActiveCfg = Release|Any CPU
		{ABD5820B-6A81-42C3-89C7-B324329345C8}.Release|Any CPU.Build.0 = Release|Any CPU
		{ABD5820B-6A81-42C3-89C7-B324329345C8}.Release|x64.ActiveCfg = Release|Any CPU
		{ABD5820B-6A81-42C3-89C7-B324329345C8}.Release|x64.Build.0 = Release|Any CPU
		{ABD5820B-6A81-42C3-89C7-B324329345C8}.Release|x86.ActiveCfg = Release|Any CPU
		{ABD5820B-6A81-42C3-89C7-B324329345C8}.Release|x86.Build.0 = Release|Any CPU
		{A0173B1A-FDC9-4E48-94E1-21D6C0B19257}.Debug|Any CPU.ActiveCfg = Debug|Any CPU
		{A0173B1A-FDC9-4E48-94E1-21D6C0B19257}.Debug|Any CPU.Build.0 = Debug|Any CPU
		{A0173B1A-FDC9-4E48-94E1-21D6C0B19257}.Debug|x64.ActiveCfg = Debug|Any CPU
		{A0173B1A-FDC9-4E48-94E1-21D6C0B19257}.Debug|x64.Build.0 = Debug|Any CPU
		{A0173B1A-FDC9-4E48-94E1-21D6C0B19257}.Debug|x86.ActiveCfg = Debug|Any CPU
		{A0173B1A-FDC9-4E48-94E1-21D6C0B19257}.Debug|x86.Build.0 = Debug|Any CPU
		{A0173B1A-FDC9-4E48-94E1-21D6C0B19257}.Release|Any CPU.ActiveCfg = Release|Any CPU
		{A0173B1A-FDC9-4E48-94E1-21D6C0B19257}.Release|Any CPU.Build.0 = Release|Any CPU
		{A0173B1A-FDC9-4E48-94E1-21D6C0B19257}.Release|x64.ActiveCfg = Release|Any CPU
		{A0173B1A-FDC9-4E48-94E1-21D6C0B19257}.Release|x64.Build.0 = Release|Any CPU
		{A0173B1A-FDC9-4E48-94E1-21D6C0B19257}.Release|x86.ActiveCfg = Release|Any CPU
		{A0173B1A-FDC9-4E48-94E1-21D6C0B19257}.Release|x86.Build.0 = Release|Any CPU
		{99296F5E-F267-4483-97BF-647080D21C35}.Debug|Any CPU.ActiveCfg = Debug|Any CPU
		{99296F5E-F267-4483-97BF-647080D21C35}.Debug|Any CPU.Build.0 = Debug|Any CPU
		{99296F5E-F267-4483-97BF-647080D21C35}.Debug|x64.ActiveCfg = Debug|Any CPU
		{99296F5E-F267-4483-97BF-647080D21C35}.Debug|x64.Build.0 = Debug|Any CPU
		{99296F5E-F267-4483-97BF-647080D21C35}.Debug|x86.ActiveCfg = Debug|Any CPU
		{99296F5E-F267-4483-97BF-647080D21C35}.Debug|x86.Build.0 = Debug|Any CPU
		{99296F5E-F267-4483-97BF-647080D21C35}.Release|Any CPU.ActiveCfg = Release|Any CPU
		{99296F5E-F267-4483-97BF-647080D21C35}.Release|Any CPU.Build.0 = Release|Any CPU
		{99296F5E-F267-4483-97BF-647080D21C35}.Release|x64.ActiveCfg = Release|Any CPU
		{99296F5E-F267-4483-97BF-647080D21C35}.Release|x64.Build.0 = Release|Any CPU
		{99296F5E-F267-4483-97BF-647080D21C35}.Release|x86.ActiveCfg = Release|Any CPU
		{99296F5E-F267-4483-97BF-647080D21C35}.Release|x86.Build.0 = Release|Any CPU
		{27EB38D0-E275-4033-93B6-3ED6E6B7B442}.Debug|Any CPU.ActiveCfg = Debug|Any CPU
		{27EB38D0-E275-4033-93B6-3ED6E6B7B442}.Debug|Any CPU.Build.0 = Debug|Any CPU
		{27EB38D0-E275-4033-93B6-3ED6E6B7B442}.Debug|x64.ActiveCfg = Debug|Any CPU
		{27EB38D0-E275-4033-93B6-3ED6E6B7B442}.Debug|x64.Build.0 = Debug|Any CPU
		{27EB38D0-E275-4033-93B6-3ED6E6B7B442}.Debug|x86.ActiveCfg = Debug|Any CPU
		{27EB38D0-E275-4033-93B6-3ED6E6B7B442}.Debug|x86.Build.0 = Debug|Any CPU
		{27EB38D0-E275-4033-93B6-3ED6E6B7B442}.Release|Any CPU.ActiveCfg = Release|Any CPU
		{27EB38D0-E275-4033-93B6-3ED6E6B7B442}.Release|Any CPU.Build.0 = Release|Any CPU
		{27EB38D0-E275-4033-93B6-3ED6E6B7B442}.Release|x64.ActiveCfg = Release|Any CPU
		{27EB38D0-E275-4033-93B6-3ED6E6B7B442}.Release|x64.Build.0 = Release|Any CPU
		{27EB38D0-E275-4033-93B6-3ED6E6B7B442}.Release|x86.ActiveCfg = Release|Any CPU
		{27EB38D0-E275-4033-93B6-3ED6E6B7B442}.Release|x86.Build.0 = Release|Any CPU
		{0B622C84-6504-4E2B-9E09-86902CA46B99}.Debug|Any CPU.ActiveCfg = Debug|Any CPU
		{0B622C84-6504-4E2B-9E09-86902CA46B99}.Debug|Any CPU.Build.0 = Debug|Any CPU
		{0B622C84-6504-4E2B-9E09-86902CA46B99}.Debug|x64.ActiveCfg = Debug|Any CPU
		{0B622C84-6504-4E2B-9E09-86902CA46B99}.Debug|x64.Build.0 = Debug|Any CPU
		{0B622C84-6504-4E2B-9E09-86902CA46B99}.Debug|x86.ActiveCfg = Debug|Any CPU
		{0B622C84-6504-4E2B-9E09-86902CA46B99}.Debug|x86.Build.0 = Debug|Any CPU
		{0B622C84-6504-4E2B-9E09-86902CA46B99}.Release|Any CPU.ActiveCfg = Release|Any CPU
		{0B622C84-6504-4E2B-9E09-86902CA46B99}.Release|Any CPU.Build.0 = Release|Any CPU
		{0B622C84-6504-4E2B-9E09-86902CA46B99}.Release|x64.ActiveCfg = Release|Any CPU
		{0B622C84-6504-4E2B-9E09-86902CA46B99}.Release|x64.Build.0 = Release|Any CPU
		{0B622C84-6504-4E2B-9E09-86902CA46B99}.Release|x86.ActiveCfg = Release|Any CPU
		{0B622C84-6504-4E2B-9E09-86902CA46B99}.Release|x86.Build.0 = Release|Any CPU
		{CD328117-128B-43E7-ABFC-F72C98F47525}.Debug|Any CPU.ActiveCfg = Debug|Any CPU
		{CD328117-128B-43E7-ABFC-F72C98F47525}.Debug|Any CPU.Build.0 = Debug|Any CPU
		{CD328117-128B-43E7-ABFC-F72C98F47525}.Debug|x64.ActiveCfg = Debug|Any CPU
		{CD328117-128B-43E7-ABFC-F72C98F47525}.Debug|x64.Build.0 = Debug|Any CPU
		{CD328117-128B-43E7-ABFC-F72C98F47525}.Debug|x86.ActiveCfg = Debug|Any CPU
		{CD328117-128B-43E7-ABFC-F72C98F47525}.Debug|x86.Build.0 = Debug|Any CPU
		{CD328117-128B-43E7-ABFC-F72C98F47525}.Release|Any CPU.ActiveCfg = Release|Any CPU
		{CD328117-128B-43E7-ABFC-F72C98F47525}.Release|Any CPU.Build.0 = Release|Any CPU
		{CD328117-128B-43E7-ABFC-F72C98F47525}.Release|x64.ActiveCfg = Release|Any CPU
		{CD328117-128B-43E7-ABFC-F72C98F47525}.Release|x64.Build.0 = Release|Any CPU
		{CD328117-128B-43E7-ABFC-F72C98F47525}.Release|x86.ActiveCfg = Release|Any CPU
		{CD328117-128B-43E7-ABFC-F72C98F47525}.Release|x86.Build.0 = Release|Any CPU
		{B3B4CF5C-7D56-4925-97B8-8CA85CA954A3}.Debug|Any CPU.ActiveCfg = Debug|Any CPU
		{B3B4CF5C-7D56-4925-97B8-8CA85CA954A3}.Debug|Any CPU.Build.0 = Debug|Any CPU
		{B3B4CF5C-7D56-4925-97B8-8CA85CA954A3}.Debug|x64.ActiveCfg = Debug|Any CPU
		{B3B4CF5C-7D56-4925-97B8-8CA85CA954A3}.Debug|x64.Build.0 = Debug|Any CPU
		{B3B4CF5C-7D56-4925-97B8-8CA85CA954A3}.Debug|x86.ActiveCfg = Debug|Any CPU
		{B3B4CF5C-7D56-4925-97B8-8CA85CA954A3}.Debug|x86.Build.0 = Debug|Any CPU
		{B3B4CF5C-7D56-4925-97B8-8CA85CA954A3}.Release|Any CPU.ActiveCfg = Release|Any CPU
		{B3B4CF5C-7D56-4925-97B8-8CA85CA954A3}.Release|Any CPU.Build.0 = Release|Any CPU
		{B3B4CF5C-7D56-4925-97B8-8CA85CA954A3}.Release|x64.ActiveCfg = Release|Any CPU
		{B3B4CF5C-7D56-4925-97B8-8CA85CA954A3}.Release|x64.Build.0 = Release|Any CPU
		{B3B4CF5C-7D56-4925-97B8-8CA85CA954A3}.Release|x86.ActiveCfg = Release|Any CPU
		{B3B4CF5C-7D56-4925-97B8-8CA85CA954A3}.Release|x86.Build.0 = Release|Any CPU
		{4FF849C5-2615-4CE3-BBC8-25418A325E37}.Debug|Any CPU.ActiveCfg = Debug|Any CPU
		{4FF849C5-2615-4CE3-BBC8-25418A325E37}.Debug|Any CPU.Build.0 = Debug|Any CPU
		{4FF849C5-2615-4CE3-BBC8-25418A325E37}.Debug|x64.ActiveCfg = Debug|Any CPU
		{4FF849C5-2615-4CE3-BBC8-25418A325E37}.Debug|x64.Build.0 = Debug|Any CPU
		{4FF849C5-2615-4CE3-BBC8-25418A325E37}.Debug|x86.ActiveCfg = Debug|Any CPU
		{4FF849C5-2615-4CE3-BBC8-25418A325E37}.Debug|x86.Build.0 = Debug|Any CPU
		{4FF849C5-2615-4CE3-BBC8-25418A325E37}.Release|Any CPU.ActiveCfg = Release|Any CPU
		{4FF849C5-2615-4CE3-BBC8-25418A325E37}.Release|Any CPU.Build.0 = Release|Any CPU
		{4FF849C5-2615-4CE3-BBC8-25418A325E37}.Release|x64.ActiveCfg = Release|Any CPU
		{4FF849C5-2615-4CE3-BBC8-25418A325E37}.Release|x64.Build.0 = Release|Any CPU
		{4FF849C5-2615-4CE3-BBC8-25418A325E37}.Release|x86.ActiveCfg = Release|Any CPU
		{4FF849C5-2615-4CE3-BBC8-25418A325E37}.Release|x86.Build.0 = Release|Any CPU
		{A30007F6-F445-4904-95F0-D781E02A4E39}.Debug|Any CPU.ActiveCfg = Debug|Any CPU
		{A30007F6-F445-4904-95F0-D781E02A4E39}.Debug|Any CPU.Build.0 = Debug|Any CPU
		{A30007F6-F445-4904-95F0-D781E02A4E39}.Debug|x64.ActiveCfg = Debug|Any CPU
		{A30007F6-F445-4904-95F0-D781E02A4E39}.Debug|x64.Build.0 = Debug|Any CPU
		{A30007F6-F445-4904-95F0-D781E02A4E39}.Debug|x86.ActiveCfg = Debug|Any CPU
		{A30007F6-F445-4904-95F0-D781E02A4E39}.Debug|x86.Build.0 = Debug|Any CPU
		{A30007F6-F445-4904-95F0-D781E02A4E39}.Release|Any CPU.ActiveCfg = Release|Any CPU
		{A30007F6-F445-4904-95F0-D781E02A4E39}.Release|Any CPU.Build.0 = Release|Any CPU
		{A30007F6-F445-4904-95F0-D781E02A4E39}.Release|x64.ActiveCfg = Release|Any CPU
		{A30007F6-F445-4904-95F0-D781E02A4E39}.Release|x64.Build.0 = Release|Any CPU
		{A30007F6-F445-4904-95F0-D781E02A4E39}.Release|x86.ActiveCfg = Release|Any CPU
		{A30007F6-F445-4904-95F0-D781E02A4E39}.Release|x86.Build.0 = Release|Any CPU
		{E86A11AD-E628-4725-BF1D-81D63C6F7C93}.Debug|Any CPU.ActiveCfg = Debug|Any CPU
		{E86A11AD-E628-4725-BF1D-81D63C6F7C93}.Debug|Any CPU.Build.0 = Debug|Any CPU
		{E86A11AD-E628-4725-BF1D-81D63C6F7C93}.Debug|x64.ActiveCfg = Debug|Any CPU
		{E86A11AD-E628-4725-BF1D-81D63C6F7C93}.Debug|x64.Build.0 = Debug|Any CPU
		{E86A11AD-E628-4725-BF1D-81D63C6F7C93}.Debug|x86.ActiveCfg = Debug|Any CPU
		{E86A11AD-E628-4725-BF1D-81D63C6F7C93}.Debug|x86.Build.0 = Debug|Any CPU
		{E86A11AD-E628-4725-BF1D-81D63C6F7C93}.Release|Any CPU.ActiveCfg = Release|Any CPU
		{E86A11AD-E628-4725-BF1D-81D63C6F7C93}.Release|Any CPU.Build.0 = Release|Any CPU
		{E86A11AD-E628-4725-BF1D-81D63C6F7C93}.Release|x64.ActiveCfg = Release|Any CPU
		{E86A11AD-E628-4725-BF1D-81D63C6F7C93}.Release|x64.Build.0 = Release|Any CPU
		{E86A11AD-E628-4725-BF1D-81D63C6F7C93}.Release|x86.ActiveCfg = Release|Any CPU
		{E86A11AD-E628-4725-BF1D-81D63C6F7C93}.Release|x86.Build.0 = Release|Any CPU
	EndGlobalSection
	GlobalSection(SolutionProperties) = preSolution
		HideSolutionNode = FALSE
	EndGlobalSection
	GlobalSection(NestedProjects) = preSolution
		{27EB38D0-E275-4033-93B6-3ED6E6B7B442} = {8DDBCDEC-BFD8-4737-93BD-5259C3AE9CAE}
		{84FCDE15-5F12-484E-A8C2-DA9A1D3122BB} = {8DDBCDEC-BFD8-4737-93BD-5259C3AE9CAE}
		{0B622C84-6504-4E2B-9E09-86902CA46B99} = {4BF5D0FC-B5A8-4DB0-A1D8-7AC856FAC439}
		{CD328117-128B-43E7-ABFC-F72C98F47525} = {4BF5D0FC-B5A8-4DB0-A1D8-7AC856FAC439}
		{B3B4CF5C-7D56-4925-97B8-8CA85CA954A3} = {4BF5D0FC-B5A8-4DB0-A1D8-7AC856FAC439}
		{4FF849C5-2615-4CE3-BBC8-25418A325E37} = {4BF5D0FC-B5A8-4DB0-A1D8-7AC856FAC439}
		{A30007F6-F445-4904-95F0-D781E02A4E39} = {4BF5D0FC-B5A8-4DB0-A1D8-7AC856FAC439}
		{E86A11AD-E628-4725-BF1D-81D63C6F7C93} = {4BF5D0FC-B5A8-4DB0-A1D8-7AC856FAC439}
	EndGlobalSection
	GlobalSection(ExtensibilityGlobals) = postSolution
		SolutionGuid = {8AA706E7-D820-4892-9F60-FCEEDC51FF5E}
	EndGlobalSection
EndGlobal
